{
    "requires": true,
    "lockfileVersion": 1,
    "dependencies": {
        "priorityqueue": {
            "version": "0.2.1",
            "resolved": "https://registry.npmjs.org/priorityqueue/-/priorityqueue-0.2.1.tgz",
            "integrity": "sha512-Dr6ZkRFGZHoAri6iNp5KvspOrFPfhxJ5AExXqLy5ChgdwALd3nC+q5/QG+gmjmf9W63joDXc+Zp0h05Ug/RtYg=="
        }
    }
}
